
Microsoft Visual Studio Solution File, Format Version 12.00
# Visual Studio Version 17
VisualStudioVersion = 17.1.32228.430
MinimumVisualStudioVersion = 10.0.40219.1
Project("{FAE04EC0-301F-11D3-BF4B-00C04F79EFBC}") = "Wirestark app", "Wirestark app\Wirestark app.csproj", "{C6ABC8CD-9FD3-4763-B09E-3A08AEF3B9EF}"
EndProject
Global
	GlobalSection(SolutionConfigurationPlatforms) = preSolution
		Debug|Any CPU = Debug|Any CPU
		Release|Any CPU = Release|Any CPU
	EndGlobalSection
	GlobalSection(ProjectConfigurationPlatforms) = postSolution
		{C6ABC8CD-9FD3-4763-B09E-3A08AEF3B9EF}.Debug|Any CPU.ActiveCfg = Debug|Any CPU
		{C6ABC8CD-9FD3-4763-B09E-3A08AEF3B9EF}.Debug|Any CPU.Build.0 = Debug|Any CPU
		{C6ABC8CD-9FD3-4763-B09E-3A08AEF3B9EF}.Release|Any CPU.ActiveCfg = Release|Any CPU
		{C6ABC8CD-9FD3-4763-B09E-3A08AEF3B9EF}.Release|Any CPU.Build.0 = Release|Any CPU
	EndGlobalSection
	GlobalSection(SolutionProperties) = preSolution
		HideSolutionNode = FALSE
	EndGlobalSection
	GlobalSection(ExtensibilityGlobals) = postSolution
		SolutionGuid = {3E8349F7-CFB4-45E9-9ADB-6E2BF789114B}
	EndGlobalSection
EndGlobal
